
Microsoft Visual Studio Solution File, Format Version 11.00
# Visual Studio 2010
Project("{FAE04EC0-301F-11D3-BF4B-00C04F79EFBC}") = "Assembly-CSharp", "Assembly-CSharp.csproj", "{FB228B2F-FC3A-B0B9-BF37-4E8E700EB584}"
EndProject
Project("{FAE04EC0-301F-11D3-BF4B-00C04F79EFBC}") = "Assembly-CSharp-Editor", "Assembly-CSharp-Editor.csproj", "{8E2AD1F7-EE25-8920-A9A6-F6C573D95875}"
EndProject
Global
	GlobalSection(SolutionConfigurationPlatforms) = preSolution
		Debug|Any CPU = Debug|Any CPU
		Release|Any CPU = Release|Any CPU
	EndGlobalSection
	GlobalSection(ProjectConfigurationPlatforms) = postSolution
		{FB228B2F-FC3A-B0B9-BF37-4E8E700EB584}.Debug|Any CPU.ActiveCfg = Debug|Any CPU
		{FB228B2F-FC3A-B0B9-BF37-4E8E700EB584}.Debug|Any CPU.Build.0 = Debug|Any CPU
		{FB228B2F-FC3A-B0B9-BF37-4E8E700EB584}.Release|Any CPU.ActiveCfg = Release|Any CPU
		{FB228B2F-FC3A-B0B9-BF37-4E8E700EB584}.Release|Any CPU.Build.0 = Release|Any CPU
		{8E2AD1F7-EE25-8920-A9A6-F6C573D95875}.Debug|Any CPU.ActiveCfg = Debug|Any CPU
		{8E2AD1F7-EE25-8920-A9A6-F6C573D95875}.Debug|Any CPU.Build.0 = Debug|Any CPU
		{8E2AD1F7-EE25-8920-A9A6-F6C573D95875}.Release|Any CPU.ActiveCfg = Release|Any CPU
		{8E2AD1F7-EE25-8920-A9A6-F6C573D95875}.Release|Any CPU.Build.0 = Release|Any CPU
	EndGlobalSection
	GlobalSection(SolutionProperties) = preSolution
		HideSolutionNode = FALSE
	EndGlobalSection
EndGlobal
